{
  "name": "Web-js",
  "lockfileVersion": 3,
  "requires": true,
  "packages": {
    "": {
      "dependencies": {
        "@splidejs/splide": "^4.1.4",
        "@types/jquery": "^3.5.29"
      }
    },
    "node_modules/@splidejs/splide": {
      "version": "4.1.4",
      "resolved": "https://registry.npmjs.org/@splidejs/splide/-/splide-4.1.4.tgz",
      "integrity": "sha512-5I30evTJcAJQXt6vJ26g2xEkG+l1nXcpEw4xpKh0/FWQ8ozmAeTbtniVtVmz2sH1Es3vgfC4SS8B2X4o5JMptA=="
    },
    "node_modules/@types/jquery": {
      "version": "3.5.29",
      "resolved": "https://registry.npmjs.org/@types/jquery/-/jquery-3.5.29.tgz",
      "integrity": "sha512-oXQQC9X9MOPRrMhPHHOsXqeQDnWeCDT3PelUIg/Oy8FAbzSZtFHRjc7IpbfFVmpLtJ+UOoywpRsuO5Jxjybyeg==",
      "dependencies": {
        "@types/sizzle": "*"
      }
    },
    "node_modules/@types/sizzle": {
      "version": "2.3.8",
      "resolved": "https://registry.npmjs.org/@types/sizzle/-/sizzle-2.3.8.tgz",
      "integrity": "sha512-0vWLNK2D5MT9dg0iOo8GlKguPAU02QjmZitPEsXRuJXU/OGIOt9vT9Fc26wtYuavLxtO45v9PGleoL9Z0k1LHg=="
    }
  }
}
